
Microsoft Visual Studio Solution File, Format Version 12.00
# Visual Studio 2013
VisualStudioVersion = 12.0.0.0
Project("{FAE04EC0-301F-11D3-BF4B-00C04F79EFBC}") = "ArduinoG", "ArduinoG\ArduinoG.csproj", "{DFBCE018-A21B-42CA-9204-FD0B6894C7EF}"
EndProject
Global
	GlobalSection(ProjectConfigurationPlatforms) = postSolution
		{DFBCE018-A21B-42CA-9204-FD0B6894C7EF}.Debug|Any CPU.ActiveCfg = Debug|Any CPU
		{DFBCE018-A21B-42CA-9204-FD0B6894C7EF}.Debug|Any CPU.Build.0 = Debug|Any CPU
		{DFBCE018-A21B-42CA-9204-FD0B6894C7EF}.Release|Any CPU.ActiveCfg = Release|Any CPU
		{DFBCE018-A21B-42CA-9204-FD0B6894C7EF}.Release|Any CPU.Build.0 = Release|Any CPU
	EndGlobalSection
	GlobalSection(SolutionConfigurationPlatforms) = preSolution
		Debug|Any CPU = Debug|Any CPU
		Release|Any CPU = Release|Any CPU
	EndGlobalSection
EndGlobal
